<Solution>
  <Folder Name="/Solution Items/">
    <File Path="UpdateLog.md" />
    <File Path="Directory.Build.props" />
    <File Path="Directory.Packages.props" />
    <File Path="pack.bat" />
    <File Path="publish.bat" />
    <File Path="Publish.Common.pubxml" />
    <File Path="publishbase.bat" />
    <File Path="README.md" />
    <File Path="docs/架构说明.md" />
    <File Path="docs/源码设计.md" />
    <File Path="logo.png" />
    <File Path="使用手册.md" />
  </Folder>
  <Project Path="src/CodeWF.MindView.Themes/CodeWF.MindView.Themes.csproj" />
  <Project Path="src/CodeWF.MindView/CodeWF.MindView.csproj" />
  <Project Path="src/Zhijian/Zhijian.csproj" />
</Solution>
